
Microsoft Visual Studio Solution File, Format Version 12.00
# Visual Studio Version 17
VisualStudioVersion = 17.13.35828.75 d17.13
MinimumVisualStudioVersion = 10.0.40219.1
Project("{8BC9CEB8-8B4A-11D0-8D11-00A0C91BC942}") = "Ch. 7 - 3", "Ch. 7 - 3\Ch. 7 - 3.vcxproj", "{0F3A38C2-7C89-4EB3-A874-E936D90D6450}"
EndProject
Global
	GlobalSection(SolutionConfigurationPlatforms) = preSolution
		Debug|x64 = Debug|x64
		Debug|x86 = Debug|x86
		Release|x64 = Release|x64
		Release|x86 = Release|x86
	EndGlobalSection
	GlobalSection(ProjectConfigurationPlatforms) = postSolution
		{0F3A38C2-7C89-4EB3-A874-E936D90D6450}.Debug|x64.ActiveCfg = Debug|x64
		{0F3A38C2-7C89-4EB3-A874-E936D90D6450}.Debug|x64.Build.0 = Debug|x64
		{0F3A38C2-7C89-4EB3-A874-E936D90D6450}.Debug|x86.ActiveCfg = Debug|Win32
		{0F3A38C2-7C89-4EB3-A874-E936D90D6450}.Debug|x86.Build.0 = Debug|Win32
		{0F3A38C2-7C89-4EB3-A874-E936D90D6450}.Release|x64.ActiveCfg = Release|x64
		{0F3A38C2-7C89-4EB3-A874-E936D90D6450}.Release|x64.Build.0 = Release|x64
		{0F3A38C2-7C89-4EB3-A874-E936D90D6450}.Release|x86.ActiveCfg = Release|Win32
		{0F3A38C2-7C89-4EB3-A874-E936D90D6450}.Release|x86.Build.0 = Release|Win32
	EndGlobalSection
	GlobalSection(SolutionProperties) = preSolution
		HideSolutionNode = FALSE
	EndGlobalSection
	GlobalSection(ExtensibilityGlobals) = postSolution
		SolutionGuid = {4C2130B9-CC03-436F-AC0B-58FF9FF2126A}
	EndGlobalSection
EndGlobal
